
Microsoft Visual Studio Solution File, Format Version 12.00
# Visual Studio Version 17
VisualStudioVersion = 17.3.32929.385
MinimumVisualStudioVersion = 10.0.40219.1
Project("{FAE04EC0-301F-11D3-BF4B-00C04F79EFBC}") = "jira2ets", "jira2ets.csproj", "{3E7A043E-87AD-4828-AE18-F5A46853296F}"
EndProject
Global
	GlobalSection(SolutionConfigurationPlatforms) = preSolution
		Debug|Any CPU = Debug|Any CPU
		Release|Any CPU = Release|Any CPU
	EndGlobalSection
	GlobalSection(ProjectConfigurationPlatforms) = postSolution
		{3E7A043E-87AD-4828-AE18-F5A46853296F}.Debug|Any CPU.ActiveCfg = Debug|Any CPU
		{3E7A043E-87AD-4828-AE18-F5A46853296F}.Debug|Any CPU.Build.0 = Debug|Any CPU
		{3E7A043E-87AD-4828-AE18-F5A46853296F}.Release|Any CPU.ActiveCfg = Release|Any CPU
		{3E7A043E-87AD-4828-AE18-F5A46853296F}.Release|Any CPU.Build.0 = Release|Any CPU
	EndGlobalSection
	GlobalSection(SolutionProperties) = preSolution
		HideSolutionNode = FALSE
	EndGlobalSection
	GlobalSection(ExtensibilityGlobals) = postSolution
		SolutionGuid = {471D2B4A-649D-47A1-AA29-05E20EECA861}
	EndGlobalSection
EndGlobal
